
Microsoft Visual Studio Solution File, Format Version 12.00
# Visual Studio Version 17
VisualStudioVersion = 17.6.33801.468
MinimumVisualStudioVersion = 10.0.40219.1
Project("{FAE04EC0-301F-11D3-BF4B-00C04F79EFBC}") = "HelloWorld", "HelloWorld\HelloWorld.csproj", "{DBA597A2-66D8-4C55-9FE0-2492FF9518FF}"
EndProject
Global
	GlobalSection(SolutionConfigurationPlatforms) = preSolution
		Debug|Any CPU = Debug|Any CPU
		Release|Any CPU = Release|Any CPU
	EndGlobalSection
	GlobalSection(ProjectConfigurationPlatforms) = postSolution
		{DBA597A2-66D8-4C55-9FE0-2492FF9518FF}.Debug|Any CPU.ActiveCfg = Debug|Any CPU
		{DBA597A2-66D8-4C55-9FE0-2492FF9518FF}.Debug|Any CPU.Build.0 = Debug|Any CPU
		{DBA597A2-66D8-4C55-9FE0-2492FF9518FF}.Release|Any CPU.ActiveCfg = Release|Any CPU
		{DBA597A2-66D8-4C55-9FE0-2492FF9518FF}.Release|Any CPU.Build.0 = Release|Any CPU
	EndGlobalSection
	GlobalSection(SolutionProperties) = preSolution
		HideSolutionNode = FALSE
	EndGlobalSection
	GlobalSection(ExtensibilityGlobals) = postSolution
		SolutionGuid = {FBD67A2E-7750-4D01-BD8F-C6862D3C5E7D}
	EndGlobalSection
EndGlobal
